
Microsoft Visual Studio Solution File, Format Version 9.00
# Visual Studio 2005
Project("{8BC9CEB8-8B4A-11D0-8D11-00A0C91BC942}") = "x3d2vrml", "x3d2vrml.vcproj", "{4BA3D626-713D-4B76-9049-2B9BDB42DFBB}"
	ProjectSection(ProjectDependencies) = postProject
		{BAC6C118-4DA2-41B1-8865-38D6970D8AD2} = {BAC6C118-4DA2-41B1-8865-38D6970D8AD2}
	EndProjectSection
EndProject
Project("{8BC9CEB8-8B4A-11D0-8D11-00A0C91BC942}") = "CyberX3D", "..\..\..\..\lib\win32\vs2005\CyberX3D.vcproj", "{BAC6C118-4DA2-41B1-8865-38D6970D8AD2}"
EndProject
Global
	GlobalSection(SolutionConfigurationPlatforms) = preSolution
		Debug|Win32 = Debug|Win32
		Release|Win32 = Release|Win32
	EndGlobalSection
	GlobalSection(ProjectConfigurationPlatforms) = postSolution
		{4BA3D626-713D-4B76-9049-2B9BDB42DFBB}.Debug|Win32.ActiveCfg = Debug|Win32
		{4BA3D626-713D-4B76-9049-2B9BDB42DFBB}.Debug|Win32.Build.0 = Debug|Win32
		{4BA3D626-713D-4B76-9049-2B9BDB42DFBB}.Release|Win32.ActiveCfg = Release|Win32
		{4BA3D626-713D-4B76-9049-2B9BDB42DFBB}.Release|Win32.Build.0 = Release|Win32
		{BAC6C118-4DA2-41B1-8865-38D6970D8AD2}.Debug|Win32.ActiveCfg = Debug|Win32
		{BAC6C118-4DA2-41B1-8865-38D6970D8AD2}.Debug|Win32.Build.0 = Debug|Win32
		{BAC6C118-4DA2-41B1-8865-38D6970D8AD2}.Release|Win32.ActiveCfg = Release|Win32
		{BAC6C118-4DA2-41B1-8865-38D6970D8AD2}.Release|Win32.Build.0 = Release|Win32
	EndGlobalSection
	GlobalSection(SolutionProperties) = preSolution
		HideSolutionNode = FALSE
	EndGlobalSection
EndGlobal
